
Microsoft Visual Studio Solution File, Format Version 12.00
# Visual Studio Version 17
VisualStudioVersion = 17.13.35919.96 d17.13
MinimumVisualStudioVersion = 10.0.40219.1
Project("{FAE04EC0-301F-11D3-BF4B-00C04F79EFBC}") = "LeetCode", "LeetCode.csproj", "{703195F0-6C52-47DC-B4BA-25F8D0466DAA}"
EndProject
Global
	GlobalSection(SolutionConfigurationPlatforms) = preSolution
		Debug|Any CPU = Debug|Any CPU
		Release|Any CPU = Release|Any CPU
	EndGlobalSection
	GlobalSection(ProjectConfigurationPlatforms) = postSolution
		{703195F0-6C52-47DC-B4BA-25F8D0466DAA}.Debug|Any CPU.ActiveCfg = Debug|Any CPU
		{703195F0-6C52-47DC-B4BA-25F8D0466DAA}.Debug|Any CPU.Build.0 = Debug|Any CPU
		{703195F0-6C52-47DC-B4BA-25F8D0466DAA}.Release|Any CPU.ActiveCfg = Release|Any CPU
		{703195F0-6C52-47DC-B4BA-25F8D0466DAA}.Release|Any CPU.Build.0 = Release|Any CPU
	EndGlobalSection
	GlobalSection(SolutionProperties) = preSolution
		HideSolutionNode = FALSE
	EndGlobalSection
	GlobalSection(ExtensibilityGlobals) = postSolution
		SolutionGuid = {E7ECC8EF-064E-447C-BFCB-50C16541DCA8}
	EndGlobalSection
EndGlobal
